
Microsoft Visual Studio Solution File, Format Version 12.00
# Visual Studio 15
VisualStudioVersion = 15.0.28010.2036
MinimumVisualStudioVersion = 10.0.40219.1
Project("{888888A0-9F3D-457C-B088-3A5042F75D52}") = "FacialRecognition", "imageOpen\FacialRecognition.pyproj", "{33DE5664-AC31-4E38-B126-48B664431D93}"
EndProject
Global
	GlobalSection(SolutionConfigurationPlatforms) = preSolution
		Debug|Any CPU = Debug|Any CPU
		Release|Any CPU = Release|Any CPU
	EndGlobalSection
	GlobalSection(ProjectConfigurationPlatforms) = postSolution
		{33DE5664-AC31-4E38-B126-48B664431D93}.Debug|Any CPU.ActiveCfg = Debug|Any CPU
		{33DE5664-AC31-4E38-B126-48B664431D93}.Release|Any CPU.ActiveCfg = Release|Any CPU
	EndGlobalSection
	GlobalSection(SolutionProperties) = preSolution
		HideSolutionNode = FALSE
	EndGlobalSection
	GlobalSection(ExtensibilityGlobals) = postSolution
		SolutionGuid = {A3A803A4-B5CB-4291-B4AB-6DC2D32550F6}
	EndGlobalSection
EndGlobal
